{
  "name": "adversarial-review",
  "version": "2.1.2",
  "lockfileVersion": 3,
  "requires": true,
  "packages": {
    "": {
      "name": "adversarial-review",
      "version": "2.1.2",
      "license": "Apache-2.0",
      "bin": {
        "adv-review": "bin/cli.js",
        "adversarial-review": "bin/cli.js"
      },
      "engines": {
        "node": ">=18.0.0"
      }
    }
  }
}
